#
# This file is autogenerated by pip-compile with Python 3.10
# by the following command:
#
#    pip-compile --output-file=requirements/training.lock --strip-extras requirements/training.in
#
accelerate==1.14.0
    # via
    #   -r requirements/training.in
    #   peft
aiohappyeyeballs==2.7.1
    # via aiohttp
aiohttp==3.14.2
    # via fsspec
aiosignal==1.4.0
    # via aiohttp
annotated-doc==0.0.4
    # via
    #   fastapi
    #   typer
annotated-types==0.7.0
    # via pydantic
anyio==4.14.2
    # via
    #   httpx
    #   starlette
    #   watchfiles
async-timeout==5.0.1
    # via aiohttp
attrs==26.1.0
    # via aiohttp
bitsandbytes==0.49.2
    # via -r requirements/training.in
certifi==2026.7.22
    # via
    #   httpcore
    #   httpx
    #   requests
charset-normalizer==3.4.9
    # via requests
click==8.4.2
    # via
    #   huggingface-hub
    #   uvicorn
cuda-bindings==13.3.1
    # via torch
cuda-pathfinder==1.6.0
    # via cuda-bindings
cuda-toolkit==13.0.3.0
    # via torch
datasets==4.8.5
    # via -r requirements/training.in
dill==0.4.1
    # via
    #   datasets
    #   multiprocess
exceptiongroup==1.3.1
    # via anyio
fastapi==0.139.2
    # via -r requirements/api.in
filelock==3.32.0
    # via
    #   datasets
    #   huggingface-hub
    #   torch
frozenlist==1.8.0
    # via
    #   aiohttp
    #   aiosignal
fsspec==2026.2.0
    # via
    #   datasets
    #   huggingface-hub
    #   torch
h11==0.16.0
    # via
    #   httpcore
    #   uvicorn
hf-xet==1.5.2
    # via huggingface-hub
httpcore==1.0.9
    # via httpx
httptools==0.8.0
    # via uvicorn
httpx==0.28.1
    # via
    #   datasets
    #   huggingface-hub
huggingface-hub==1.24.0
    # via
    #   -r requirements/training.in
    #   accelerate
    #   datasets
    #   peft
    #   tokenizers
    #   transformers
idna==3.18
    # via
    #   anyio
    #   httpx
    #   requests
    #   yarl
jinja2==3.1.6
    # via torch
markdown-it-py==4.2.0
    # via rich
markupsafe==3.0.3
    # via jinja2
mdurl==0.1.2
    # via markdown-it-py
mpmath==1.3.0
    # via sympy
multidict==6.7.1
    # via
    #   aiohttp
    #   yarl
multiprocess==0.70.19
    # via datasets
networkx==3.4.2
    # via torch
numpy==2.2.6
    # via
    #   accelerate
    #   bitsandbytes
    #   datasets
    #   pandas
    #   peft
    #   transformers
nvidia-cublas==13.1.1.3
    # via
    #   cuda-toolkit
    #   nvidia-cudnn-cu13
    #   nvidia-cusolver
nvidia-cuda-cupti==13.0.85
    # via cuda-toolkit
nvidia-cuda-nvrtc==13.0.88
    # via
    #   cuda-toolkit
    #   nvidia-cublas
nvidia-cuda-runtime==13.0.96
    # via cuda-toolkit
nvidia-cudnn-cu13==9.20.0.48
    # via torch
nvidia-cufft==12.0.0.61
    # via cuda-toolkit
nvidia-cufile==1.15.1.6
    # via cuda-toolkit
nvidia-curand==10.4.0.35
    # via cuda-toolkit
nvidia-cusolver==12.0.4.66
    # via cuda-toolkit
nvidia-cusparse==12.6.3.3
    # via
    #   cuda-toolkit
    #   nvidia-cusolver
nvidia-cusparselt-cu13==0.8.1
    # via torch
nvidia-nccl-cu13==2.29.7
    # via torch
nvidia-nvjitlink==13.3.33
    # via
    #   cuda-toolkit
    #   nvidia-cufft
    #   nvidia-cusolver
    #   nvidia-cusparse
nvidia-nvshmem-cu13==3.4.5
    # via torch
nvidia-nvtx==13.0.85
    # via cuda-toolkit
packaging==26.2
    # via
    #   accelerate
    #   bitsandbytes
    #   datasets
    #   huggingface-hub
    #   peft
    #   transformers
pandas==2.3.3
    # via datasets
peft==0.19.1
    # via -r requirements/training.in
propcache==0.5.2
    # via
    #   aiohttp
    #   yarl
psutil==7.2.2
    # via
    #   accelerate
    #   peft
pyarrow==25.0.0
    # via datasets
pydantic==2.13.4
    # via
    #   -r requirements/api.in
    #   fastapi
pydantic-core==2.46.4
    # via pydantic
pygments==2.20.0
    # via rich
python-dateutil==2.9.0.post0
    # via pandas
python-dotenv==1.2.2
    # via
    #   -r requirements/api.in
    #   uvicorn
pytz==2026.2
    # via pandas
pyyaml==6.0.3
    # via
    #   accelerate
    #   datasets
    #   huggingface-hub
    #   peft
    #   transformers
    #   uvicorn
regex==2026.7.19
    # via transformers
requests==2.34.2
    # via
    #   -r requirements/api.in
    #   datasets
rich==15.0.0
    # via typer
safetensors==0.8.0
    # via
    #   -r requirements/training.in
    #   accelerate
    #   peft
    #   transformers
shellingham==1.5.4
    # via typer
six==1.17.0
    # via python-dateutil
starlette==1.3.1
    # via fastapi
sympy==1.14.0
    # via torch
tokenizers==0.22.2
    # via transformers
torch==2.13.0
    # via
    #   -r requirements/training.in
    #   accelerate
    #   bitsandbytes
    #   peft
tqdm==4.69.0
    # via
    #   datasets
    #   huggingface-hub
    #   peft
    #   transformers
transformers==5.14.1
    # via
    #   -r requirements/training.in
    #   peft
triton==3.7.1
    # via torch
typer==0.27.0
    # via transformers
typing-extensions==4.16.0
    # via
    #   aiohttp
    #   aiosignal
    #   anyio
    #   exceptiongroup
    #   fastapi
    #   huggingface-hub
    #   multidict
    #   pydantic
    #   pydantic-core
    #   starlette
    #   torch
    #   typing-inspection
    #   uvicorn
typing-inspection==0.4.2
    # via
    #   fastapi
    #   pydantic
tzdata==2026.3
    # via pandas
urllib3==2.7.0
    # via requests
uvicorn==0.51.0
    # via -r requirements/api.in
uvloop==0.22.1
    # via uvicorn
watchfiles==1.2.0
    # via uvicorn
websockets==16.1.1
    # via uvicorn
xxhash==3.8.1
    # via datasets
yarl==1.24.5
    # via aiohttp

# The following packages are considered to be unsafe in a requirements file:
# setuptools
